# ==============================================================================
# 文件路径：Source/CSharpClient/OceanSim.sln
# 作者：beilsm
# 版本号：v1.0.0
# 创建时间：2025-07-01
# 最新更改时间：2025-07-01
# ==============================================================================
# 📝 功能说明：
#   OceanSim C# 解决方案文件
#   组织和管理所有C#项目和依赖关系
# ==============================================================================

Microsoft Visual Studio Solution File, Format Version 12.00
# Visual Studio Version 17
VisualStudioVersion = 17.0.31903.59
MinimumVisualStudioVersion = 10.0.40219.1

# ==============================================================================
# 核心项目
# ==============================================================================

Project("{9A19103F-16F7-4668-BE54-9A1E7A4F7556}") = "OceanSim.Core", "OceanSim.Core\OceanSim.Core.csproj", "{2C9A1B4D-5E3F-4A8B-9C7D-1E2F3A4B5C6D}"
EndProject

Project("{9A19103F-16F7-4668-BE54-9A1E7A4F7556}") = "OceanSim.Interop", "OceanSim.Interop\OceanSim.Interop.csproj", "{3D0B2C5E-6F4G-5B9C-AD8E-2F3G4B5C6D7E}"
EndProject

# ==============================================================================
# 示例和测试项目
# ==============================================================================

Project("{9A19103F-16F7-4668-BE54-9A1E7A4F7556}") = "OceanSim.Examples", "OceanSim.Examples\OceanSim.Examples.csproj", "{4E1C3D6F-7G5H-6C0D-BE9F-3G4H5C6D7E8F}"
EndProject

Project("{9A19103F-16F7-4668-BE54-9A1E7A4F7556}") = "OceanSim.Tests", "OceanSim.Tests\OceanSim.Tests.csproj", "{5F2D4E7G-8H6I-7D1E-CF0G-4H5I6D7E8F9G}"
EndProject

Project("{9A19103F-16F7-4668-BE54-9A1E7A4F7556}") = "OceanSim.Benchmarks", "OceanSim.Benchmarks\OceanSim.Benchmarks.csproj", "{6G3E5F8H-9I7J-8E2F-DG1H-5I6J7E8F9G0H}"
EndProject

# ==============================================================================
# 应用程序项目
# ==============================================================================

Project("{9A19103F-16F7-4668-BE54-9A1E7A4F7556}") = "OceanSim.Desktop", "OceanSim.Desktop\OceanSim.Desktop.csproj", "{7H4F6G9I-0J8K-9F3G-EH2I-6J7K8F9G0H1I}"
EndProject

Project("{9A19103F-16F7-4668-BE54-9A1E7A4F7556}") = "OceanSim.WebAPI", "OceanSim.WebAPI\OceanSim.WebAPI.csproj", "{8I5G7H0J-1K9L-0G4H-FI3J-7K8L9G0H1I2J}"
EndProject

# ==============================================================================
# 工具和实用程序
# ==============================================================================

Project("{9A19103F-16F7-4668-BE54-9A1E7A4F7556}") = "OceanSim.Tools", "OceanSim.Tools\OceanSim.Tools.csproj", "{9J6H8I1K-2L0M-1H5I-GJ4K-8L9M0H1I2J3K}"
EndProject

Project("{9A19103F-16F7-4668-BE54-9A1E7A4F7556}") = "OceanSim.DataProcessor", "OceanSim.DataProcessor\OceanSim.DataProcessor.csproj", "{0K7I9J2L-3M1N-2I6J-HK5L-9M0N1I2J3K4L}"
EndProject

# ==============================================================================
# 解决方案文件夹组织
# ==============================================================================

Project("{2150E333-8FDC-42A3-9474-1A3956D46DE8}") = "Core", "Core", "{A1B2C3D4-E5F6-7890-ABCD-EF1234567890}"
EndProject

Project("{2150E333-8FDC-42A3-9474-1A3956D46DE8}") = "Examples", "Examples", "{B2C3D4E5-F6G7-8901-BCDE-F23456789012}"
EndProject

Project("{2150E333-8FDC-42A3-9474-1A3956D46DE8}") = "Tests", "Tests", "{C3D4E5F6-G7H8-9012-CDEF-345678901234}"
EndProject

Project("{2150E333-8FDC-42A3-9474-1A3956D46DE8}") = "Applications", "Applications", "{D4E5F6G7-H8I9-0123-DEFG-456789012345}"
EndProject

Project("{2150E333-8FDC-42A3-9474-1A3956D46DE8}") = "Tools", "Tools", "{E5F6G7H8-I9J0-1234-EFGH-567890123456}"
EndProject

Project("{2150E333-8FDC-42A3-9474-1A3956D46DE8}") = "Documentation", "Documentation", "{F6G7H8I9-J0K1-2345-FGHI-678901234567}"
EndProject

Project("{2150E333-8FDC-42A3-9474-1A3956D46DE8}") = "Scripts", "Scripts", "{G7H8I9J0-K1L2-3456-GHIJ-789012345678}"
EndProject

# ==============================================================================
# 文档和配置文件
# ==============================================================================

Project("{2150E333-8FDC-42A3-9474-1A3956D46DE8}") = "Solution Items", "Solution Items", "{H8I9J0K1-L2M3-4567-HIJK-890123456789}"
	ProjectSection(SolutionItems) = preProject
		.editorconfig = .editorconfig
		.gitignore = .gitignore
		Directory.Build.props = Directory.Build.props
		Directory.Build.targets = Directory.Build.targets
		global.json = global.json
		NuGet.Config = NuGet.Config
		README.md = README.md
		CHANGELOG.md = CHANGELOG.md
		LICENSE = LICENSE
	EndProjectSection
EndProject

Project("{2150E333-8FDC-42A3-9474-1A3956D46DE8}") = "Build Scripts", "Build Scripts", "{I9J0K1L2-M3N4-5678-IJKL-901234567890}"
	ProjectSection(SolutionItems) = preProject
		../Scripts/build_csharp_bindings.sh = ../Scripts/build_csharp_bindings.sh
		../Scripts/build_csharp_bindings.bat = ../Scripts/build_csharp_bindings.bat
		../Scripts/package_release.ps1 = ../Scripts/package_release.ps1
		../Scripts/run_tests.sh = ../Scripts/run_tests.sh
	EndProjectSection
EndProject

# ==============================================================================
# 全局配置
# ==============================================================================

Global
	GlobalSection(SolutionConfigurationPlatforms) = preSolution
		Debug|Any CPU = Debug|Any CPU
		Debug|ARM64 = Debug|ARM64
		Debug|x64 = Debug|x64
		Debug|x86 = Debug|x86
		Release|Any CPU = Release|Any CPU
		Release|ARM64 = Release|ARM64
		Release|x64 = Release|x64
		Release|x86 = Release|x86
	EndGlobalSection
	
	GlobalSection(ProjectConfigurationPlatforms) = postSolution
		# OceanSim.Core
		{2C9A1B4D-5E3F-4A8B-9C7D-1E2F3A4B5C6D}.Debug|Any CPU.ActiveCfg = Debug|Any CPU
		{2C9A1B4D-5E3F-4A8B-9C7D-1E2F3A4B5C6D}.Debug|Any CPU.Build.0 = Debug|Any CPU
		{2C9A1B4D-5E3F-4A8B-9C7D-1E2F3A4B5C6D}.Debug|ARM64.ActiveCfg = Debug|ARM64
		{2C9A1B4D-5E3F-4A8B-9C7D-1E2F3A4B5C6D}.Debug|ARM64.Build.0 = Debug|ARM64
		{2C9A1B4D-5E3F-4A8B-9C7D-1E2F3A4B5C6D}.Debug|x64.ActiveCfg = Debug|x64
		{2C9A1B4D-5E3F-4A8B-9C7D-1E2F3A4B5C6D}.Debug|x64.Build.0 = Debug|x64
		{2C9A1B4D-5E3F-4A8B-9C7D-1E2F3A4B5C6D}.Debug|x86.ActiveCfg = Debug|x86
		{2C9A1B4D-5E3F-4A8B-9C7D-1E2F3A4B5C6D}.Debug|x86.Build.0 = Debug|x86
		{2C9A1B4D-5E3F-4A8B-9C7D-1E2F3A4B5C6D}.Release|Any CPU.ActiveCfg = Release|Any CPU
		{2C9A1B4D-5E3F-4A8B-9C7D-1E2F3A4B5C6D}.Release|Any CPU.Build.0 = Release|Any CPU
		{2C9A1B4D-5E3F-4A8B-9C7D-1E2F3A4B5C6D}.Release|ARM64.ActiveCfg = Release|ARM64
		{2C9A1B4D-5E3F-4A8B-9C7D-1E2F3A4B5C6D}.Release|ARM64.Build.0 = Release|ARM64
		{2C9A1B4D-5E3F-4A8B-9C7D-1E2F3A4B5C6D}.Release|x64.ActiveCfg = Release|x64
		{2C9A1B4D-5E3F-4A8B-9C7D-1E2F3A4B5C6D}.Release|x64.Build.0 = Release|x64
		{2C9A1B4D-5E3F-4A8B-9C7D-1E2F3A4B5C6D}.Release|x86.ActiveCfg = Release|x86
		{2C9A1B4D-5E3F-4A8B-9C7D-1E2F3A4B5C6D}.Release|x86.Build.0 = Release|x86
		
		# OceanSim.Interop
		{3D0B2C5E-6F4G-5B9C-AD8E-2F3G4B5C6D7E}.Debug|Any CPU.ActiveCfg = Debug|Any CPU
		{3D0B2C5E-6F4G-5B9C-AD8E-2F3G4B5C6D7E}.Debug|Any CPU.Build.0 = Debug|Any CPU
		{3D0B2C5E-6F4G-5B9C-AD8E-2F3G4B5C6D7E}.Debug|ARM64.ActiveCfg = Debug|ARM64
		{3D0B2C5E-6F4G-5B9C-AD8E-2F3G4B5C6D7E}.Debug|ARM64.Build.0 = Debug|ARM64
		{3D0B2C5E-6F4G-5B9C-AD8E-2F3G4B5C6D7E}.Debug|x64.ActiveCfg = Debug|x64
		{3D0B2C5E-6F4G-5B9C-AD8E-2F3G4B5C6D7E}.Debug|x64.Build.0 = Debug|x64
		{3D0B2C5E-6F4G-5B9C-AD8E-2F3G4B5C6D7E}.Debug|x86.ActiveCfg = Debug|x86
		{3D0B2C5E-6F4G-5B9C-AD8E-2F3G4B5C6D7E}.Debug|x86.Build.0 = Debug|x86
		{3D0B2C5E-6F4G-5B9C-AD8E-2F3G4B5C6D7E}.Release|Any CPU.ActiveCfg = Release|Any CPU
		{3D0B2C5E-6F4G-5B9C-AD8E-2F3G4B5C6D7E}.Release|Any CPU.Build.0 = Release|Any CPU
		{3D0B2C5E-6F4G-5B9C-AD8E-2F3G4B5C6D7E}.Release|ARM64.ActiveCfg = Release|ARM64
		{3D0B2C5E-6F4G-5B9C-AD8E-2F3G4B5C6D7E}.Release|ARM64.Build.0 = Release|ARM64
		{3D0B2C5E-6F4G-5B9C-AD8E-2F3G4B5C6D7E}.Release|x64.ActiveCfg = Release|x64
		{3D0B2C5E-6F4G-5B9C-AD8E-2F3G4B5C6D7E}.Release|x64.Build.0 = Release|x64
		{3D0B2C5E-6F4G-5B9C-AD8E-2F3G4B5C6D7E}.Release|x86.ActiveCfg = Release|x86
		{3D0B2C5E-6F4G-5B9C-AD8E-2F3G4B5C6D7E}.Release|x86.Build.0 = Release|x86
		
		# OceanSim.Examples
		{4E1C3D6F-7G5H-6C0D-BE9F-3G4H5C6D7E8F}.Debug|Any CPU.ActiveCfg = Debug|Any CPU
		{4E1C3D6F-7G5H-6C0D-BE9F-3G4H5C6D7E8F}.Debug|Any CPU.Build.0 = Debug|Any CPU
		{4E1C3D6F-7G5H-6C0D-BE9F-3G4H5C6D7E8F}.Debug|ARM64.ActiveCfg = Debug|ARM64
		{4E1C3D6F-7G5H-6C0D-BE9F-3G4H5C6D7E8F}.Debug|ARM64.Build.0 = Debug|ARM64
		{4E1C3D6F-7G5H-6C0D-BE9F-3G4H5C6D7E8F}.Debug|x64.ActiveCfg = Debug|x64
		{4E1C3D6F-7G5H-6C0D-BE9F-3G4H5C6D7E8F}.Debug|x64.Build.0 = Debug|x64
		{4E1C3D6F-7G5H-6C0D-BE9F-3G4H5C6D7E8F}.Debug|x86.ActiveCfg = Debug|x86
		{4E1C3D6F-7G5H-6C0D-BE9F-3G4H5C6D7E8F}.Debug|x86.Build.0 = Debug|x86
		{4E1C3D6F-7G5H-6C0D-BE9F-3G4H5C6D7E8F}.Release|Any CPU.ActiveCfg = Release|Any CPU
		{4E1C3D6F-7G5H-6C0D-BE9F-3G4H5C6D7E8F}.Release|Any CPU.Build.0 = Release|Any CPU
		{4E1C3D6F-7G5H-6C0D-BE9F-3G4H5C6D7E8F}.Release|ARM64.ActiveCfg = Release|ARM64
		{4E1C3D6F-7G5H-6C0D-BE9F-3G4H5C6D7E8F}.Release|ARM64.Build.0 = Release|ARM64
		{4E1C3D6F-7G5H-6C0D-BE9F-3G4H5C6D7E8F}.Release|x64.ActiveCfg = Release|x64
		{4E1C3D6F-7G5H-6C0D-BE9F-3G4H5C6D7E8F}.Release|x64.Build.0 = Release|x64
		{4E1C3D6F-7G5H-6C0D-BE9F-3G4H5C6D7E8F}.Release|x86.ActiveCfg = Release|x86
		{4E1C3D6F-7G5H-6C0D-BE9F-3G4H5C6D7E8F}.Release|x86.Build.0 = Release|x86
		
		# OceanSim.Tests
		{5F2D4E7G-8H6I-7D1E-CF0G-4H5I6D7E8F9G}.Debug|Any CPU.ActiveCfg = Debug|Any CPU
		{5F2D4E7G-8H6I-7D1E-CF0G-4H5I6D7E8F9G}.Debug|Any CPU.Build.0 = Debug|Any CPU
		{5F2D4E7G-8H6I-7D1E-CF0G-4H5I6D7E8F9G}.Debug|ARM64.ActiveCfg = Debug|ARM64
		{5F2D4E7G-8H6I-7D1E-CF0G-4H5I6D7E8F9G}.Debug|ARM64.Build.0 = Debug|ARM64
		{5F2D4E7G-8H6I-7D1E-CF0G-4H5I6D7E8F9G}.Debug|x64.ActiveCfg = Debug|x64
		{5F2D4E7G-8H6I-7D1E-CF0G-4H5I6D7E8F9G}.Debug|x64.Build.0 = Debug|x64
		{5F2D4E7G-8H6I-7D1E-CF0G-4H5I6D7E8F9G}.Debug|x86.ActiveCfg = Debug|x86
		{5F2D4E7G-8H6I-7D1E-CF0G-4H5I6D7E8F9G}.Debug|x86.Build.0 = Debug|x86
		{5F2D4E7G-8H6I-7D1E-CF0G-4H5I6D7E8F9G}.Release|Any CPU.ActiveCfg = Release|Any CPU
		{5F2D4E7G-8H6I-7D1E-CF0G-4H5I6D7E8F9G}.Release|Any CPU.Build.0 = Release|Any CPU
		{5F2D4E7G-8H6I-7D1E-CF0G-4H5I6D7E8F9G}.Release|ARM64.ActiveCfg = Release|ARM64
		{5F2D4E7G-8H6I-7D1E-CF0G-4H5I6D7E8F9G}.Release|ARM64.Build.0 = Release|ARM64
		{5F2D4E7G-8H6I-7D1E-CF0G-4H5I6D7E8F9G}.Release|x64.ActiveCfg = Release|x64
		{5F2D4E7G-8H6I-7D1E-CF0G-4H5I6D7E8F9G}.Release|x64.Build.0 = Release|x64
		{5F2D4E7G-8H6I-7D1E-CF0G-4H5I6D7E8F9G}.Release|x86.ActiveCfg = Release|x86
		{5F2D4E7G-8H6I-7D1E-CF0G-4H5I6D7E8F9G}.Release|x86.Build.0 = Release|x86
		
		# OceanSim.Benchmarks
		{6G3E5F8H-9I7J-8E2F-DG1H-5I6J7E8F9G0H}.Debug|Any CPU.ActiveCfg = Debug|Any CPU
		{6G3E5F8H-9I7J-8E2F-DG1H-5I6J7E8F9G0H}.Debug|Any CPU.Build.0 = Debug|Any CPU
		{6G3E5F8H-9I7J-8E2F-DG1H-5I6J7E8F9G0H}.Debug|ARM64.ActiveCfg = Debug|ARM64
		{6G3E5F8H-9I7J-8E2F-DG1H-5I6J7E8F9G0H}.Debug|ARM64.Build.0 = Debug|ARM64
		{6G3E5F8H-9I7J-8E2F-DG1H-5I6J7E8F9G0H}.Debug|x64.ActiveCfg = Debug|x64
		{6G3E5F8H-9I7J-8E2F-DG1H-5I6J7E8F9G0H}.Debug|x64.Build.0 = Debug|x64
		{6G3E5F8H-9I7J-8E2F-DG1H-5I6J7E8F9G0H}.Debug|x86.ActiveCfg = Debug|x86
		{6G3E5F8H-9I7J-8E2F-DG1H-5I6J7E8F9G0H}.Debug|x86.Build.0 = Debug|x86
		{6G3E5F8H-9I7J-8E2F-DG1H-5I6J7E8F9G0H}.Release|Any CPU.ActiveCfg = Release|Any CPU
		{6G3E5F8H-9I7J-8E2F-DG1H-5I6J7E8F9G0H}.Release|Any CPU.Build.0 = Release|Any CPU
		{6G3E5F8H-9I7J-8E2F-DG1H-5I6J7E8F9G0H}.Release|ARM64.ActiveCfg = Release|ARM64
		{6G3E5F8H-9I7J-8E2F-DG1H-5I6J7E8F9G0H}.Release|ARM64.Build.0 = Release|ARM64
		{6G3E5F8H-9I7J-8E2F-DG1H-5I6J7E8F9G0H}.Release|x64.ActiveCfg = Release|x64
		{6G3E5F8H-9I7J-8E2F-DG1H-5I6J7E8F9G0H}.Release|x64.Build.0 = Release|x64
		{6G3E5F8H-9I7J-8E2F-DG1H-5I6J7E8F9G0H}.Release|x86.ActiveCfg = Release|x86
		{6G3E5F8H-9I7J-8E2F-DG1H-5I6J7E8F9G0H}.Release|x86.Build.0 = Release|x86
		
		# OceanSim.Desktop
		{7H4F6G9I-0J8K-9F3G-EH2I-6J7K8F9G0H1I}.Debug|Any CPU.ActiveCfg = Debug|Any CPU
		{7H4F6G9I-0J8K-9F3G-EH2I-6J7K8F9G0H1I}.Debug|Any CPU.Build.0 = Debug|Any CPU
		{7H4F6G9I-0J8K-9F3G-EH2I-6J7K8F9G0H1I}.Debug|ARM64.ActiveCfg = Debug|ARM64
		{7H4F6G9I-0J8K-9F3G-EH2I-6J7K8F9G0H1I}.Debug|ARM64.Build.0 = Debug|ARM64
		{7H4F6G9I-0J8K-9F3G-EH2I-6J7K8F9G0H1I}.Debug|x64.ActiveCfg = Debug|x64
		{7H4F6G9I-0J8K-9F3G-EH2I-6J7K8F9G0H1I}.Debug|x64.Build.0 = Debug|x64
		{7H4F6G9I-0J8K-9F3G-EH2I-6J7K8F9G0H1I}.Debug|x86.ActiveCfg = Debug|x86
		{7H4F6G9I-0J8K-9F3G-EH2I-6J7K8F9G0H1I}.Debug|x86.Build.0 = Debug|x86
		{7H4F6G9I-0J8K-9F3G-EH2I-6J7K8F9G0H1I}.Release|Any CPU.ActiveCfg = Release|Any CPU
		{7H4F6G9I-0J8K-9F3G-EH2I-6J7K8F9G0H1I}.Release|Any CPU.Build.0 = Release|Any CPU
		{7H4F6G9I-0J8K-9F3G-EH2I-6J7K8F9G0H1I}.Release|ARM64.ActiveCfg = Release|ARM64
		{7H4F6G9I-0J8K-9F3G-EH2I-6J7K8F9G0H1I}.Release|ARM64.Build.0 = Release|ARM64
		{7H4F6G9I-0J8K-9F3G-EH2I-6J7K8F9G0H1I}.Release|x64.ActiveCfg = Release|x64
		{7H4F6G9I-0J8K-9F3G-EH2I-6J7K8F9G0H1I}.Release|x64.Build.0 = Release|x64
		{7H4F6G9I-0J8K-9F3G-EH2I-6J7K8F9G0H1I}.Release|x86.ActiveCfg = Release|x86
		{7H4F6G9I-0J8K-9F3G-EH2I-6J7K8F9G0H1I}.Release|x86.Build.0 = Release|x86
		
		# OceanSim.WebAPI
		{8I5G7H0J-1K9L-0G4H-FI3J-7K8L9G0H1I2J}.Debug|Any CPU.ActiveCfg = Debug|Any CPU
		{8I5G7H0J-1K9L-0G4H-FI3J-7K8L9G0H1I2J}.Debug|Any CPU.Build.0 = Debug|Any CPU
		{8I5G7H0J-1K9L-0G4H-FI3J-7K8L9G0H1I2J}.Debug|ARM64.ActiveCfg = Debug|ARM64
		{8I5G7H0J-1K9L-0G4H-FI3J-7K8L9G0H1I2J}.Debug|ARM64.Build.0 = Debug|ARM64
		{8I5G7H0J-1K9L-0G4H-FI3J-7K8L9G0H1I2J}.Debug|x64.ActiveCfg = Debug|x64
		{8I5G7H0J-1K9L-0G4H-FI3J-7K8L9G0H1I2J}.Debug|x64.Build.0 = Debug|x64
		{8I5G7H0J-1K9L-0G4H-FI3J-7K8L9G0H1I2J}.Debug|x86.ActiveCfg = Debug|x86
		{8I5G7H0J-1K9L-0G4H-FI3J-7K8L9G0H1I2J}.Debug|x86.Build.0 = Debug|x86
		{8I5G7H0J-1K9L-0G4H-FI3J-7K8L9G0H1I2J}.Release|Any CPU.ActiveCfg = Release|Any CPU
		{8I5G7H0J-1K9L-0G4H-FI3J-7K8L9G0H1I2J}.Release|Any CPU.Build.0 = Release|Any CPU
		{8I5G7H0J-1K9L-0G4H-FI3J-7K8L9G0H1I2J}.Release|ARM64.ActiveCfg = Release|ARM64
		{8I5G7H0J-1K9L-0G4H-FI3J-7K8L9G0H1I2J}.Release|ARM64.Build.0 = Release|ARM64
		{8I5G7H0J-1K9L-0G4H-FI3J-7K8L9G0H1I2J}.Release|x64.ActiveCfg = Release|x64
		{8I5G7H0J-1K9L-0G4H-FI3J-7K8L9G0H1I2J}.Release|x64.Build.0 = Release|x64
		{8I5G7H0J-1K9L-0G4H-FI3J-7K8L9G0H1I2J}.Release|x86.ActiveCfg = Release|x86
		{8I5G7H0J-1K9L-0G4H-FI3J-7K8L9G0H1I2J}.Release|x86.Build.0 = Release|x86
		
		# OceanSim.Tools
		{9J6H8I1K-2L0M-1H5I-GJ4K-8L9M0H1I2J3K}.Debug|Any CPU.ActiveCfg = Debug|Any CPU
		{9J6H8I1K-2L0M-1H5I-GJ4K-8L9M0H1I2J3K}.Debug|Any CPU.Build.0 = Debug|Any CPU
		{9J6H8I1K-2L0M-1H5I-GJ4K-8L9M0H1I2J3K}.Debug|ARM64.ActiveCfg = Debug|ARM64
		{9J6H8I1K-2L0M-1H5I-GJ4K-8L9M0H1I2J3K}.Debug|ARM64.Build.0 = Debug|ARM64
		{9J6H8I1K-2L0M-1H5I-GJ4K-8L9M0H1I2J3K}.Debug|x64.ActiveCfg = Debug|x64
		{9J6H8I1K-2L0M-1H5I-GJ4K-8L9M0H1I2J3K}.Debug|x64.Build.0 = Debug|x64
		{9J6H8I1K-2L0M-1H5I-GJ4K-8L9M0H1I2J3K}.Debug|x86.ActiveCfg = Debug|x86
		{9J6H8I1K-2L0M-1H5I-GJ4K-8L9M0H1I2J3K}.Debug|x86.Build.0 = Debug|x86
		{9J6H8I1K-2L0M-1H5I-GJ4K-8L9M0H1I2J3K}.Release|Any CPU.ActiveCfg = Release|Any CPU
		{9J6H8I1K-2L0M-1H5I-GJ4K-8L9M0H1I2J3K}.Release|Any CPU.Build.0 = Release|Any CPU
		{9J6H8I1K-2L0M-1H5I-GJ4K-8L9M0H1I2J3K}.Release|ARM64.ActiveCfg = Release|ARM64
		{9J6H8I1K-2L0M-1H5I-GJ4K-8L9M0H1I2J3K}.Release|ARM64.Build.0 = Release|ARM64
		{9J6H8I1K-2L0M-1H5I-GJ4K-8L9M0H1I2J3K}.Release|x64.ActiveCfg = Release|x64
		{9J6H8I1K-2L0M-1H5I-GJ4K-8L9M0H1I2J3K}.Release|x64.Build.0 = Release|x64
		{9J6H8I1K-2L0M-1H5I-GJ4K-8L9M0H1I2J3K}.Release|x86.ActiveCfg = Release|x86
		{9J6H8I1K-2L0M-1H5I-GJ4K-8L9M0H1I2J3K}.Release|x86.Build.0 = Release|x86
		
		# OceanSim.DataProcessor
		{0K7I9J2L-3M1N-2I6J-HK5L-9M0N1I2J3K4L}.Debug|Any CPU.ActiveCfg = Debug|Any CPU
		{0K7I9J2L-3M1N-2I6J-HK5L-9M0N1I2J3K4L}.Debug|Any CPU.Build.0 = Debug|Any CPU
		{0K7I9J2L-3M1N-2I6J-HK5L-9M0N1I2J3K4L}.Debug|ARM64.ActiveCfg = Debug|ARM64
		{0K7I9J2L-3M1N-2I6J-HK5L-9M0N1I2J3K4L}.Debug|ARM64.Build.0 = Debug|ARM64
		{0K7I9J2L-3M1N-2I6J-HK5L-9M0N1I2J3K4L}.Debug|x64.ActiveCfg = Debug|x64
		{0K7I9J2L-3M1N-2I6J-HK5L-9M0N1I2J3K4L}.Debug|x64.Build.0 = Debug|x64
		{0K7I9J2L-3M1N-2I6J-HK5L-9M0N1I2J3K4L}.Debug|x86.ActiveCfg = Debug|x86
		{0K7I9J2L-3M1N-2I6J-HK5L-9M0N1I2J3K4L}.Debug|x86.Build.0 = Debug|x86
		{0K7I9J2L-3M1N-2I6J-HK5L-9M0N1I2J3K4L}.Release|Any CPU.ActiveCfg = Release|Any CPU
		{0K7I9J2L-3M1N-2I6J-HK5L-9M0N1I2J3K4L}.Release|Any CPU.Build.0 = Release|Any CPU
		{0K7I9J2L-3M1N-2I6J-HK5L-9M0N1I2J3K4L}.Release|ARM64.ActiveCfg = Release|ARM64
		{0K7I9J2L-3M1N-2I6J-HK5L-9M0N1I2J3K4L}.Release|ARM64.Build.0 = Release|ARM64
		{0K7I9J2L-3M1N-2I6J-HK5L-9M0N1I2J3K4L}.Release|x64.ActiveCfg = Release|x64
		{0K7I9J2L-3M1N-2I6J-HK5L-9M0N1I2J3K4L}.Release|x64.Build.0 = Release|x64
		{0K7I9J2L-3M1N-2I6J-HK5L-9M0N1I2J3K4L}.Release|x86.ActiveCfg = Release|x86
		{0K7I9J2L-3M1N-2I6J-HK5L-9M0N1I2J3K4L}.Release|x86.Build.0 = Release|x86
	EndGlobalSection
	
	GlobalSection(SolutionProperties) = preSolution
		HideSolutionNode = FALSE
	EndGlobalSection
	
	# ==============================================================================
	# 项目嵌套结构
	# ==============================================================================
	
	GlobalSection(NestedProjects) = preSolution
		# Core 文件夹
		{2C9A1B4D-5E3F-4A8B-9C7D-1E2F3A4B5C6D} = {A1B2C3D4-E5F6-7890-ABCD-EF1234567890}
		{3D0B2C5E-6F4G-5B9C-AD8E-2F3G4B5C6D7E} = {A1B2C3D4-E5F6-7890-ABCD-EF1234567890}
		
		# Examples 文件夹
		{4E1C3D6F-7G5H-6C0D-BE9F-3G4H5C6D7E8F} = {B2C3D4E5-F6G7-8901-BCDE-F23456789012}
		
		# Tests 文件夹
		{5F2D4E7G-8H6I-7D1E-CF0G-4H5I6D7E8F9G} = {C3D4E5F6-G7H8-9012-CDEF-345678901234}
		{6G3E5F8H-9I7J-8E2F-DG1H-5I6J7E8F9G0H} = {C3D4E5F6-G7H8-9012-CDEF-345678901234}
		
		# Applications 文件夹
		{7H4F6G9I-0J8K-9F3G-EH2I-6J7K8F9G0H1I} = {D4E5F6G7-H8I9-0123-DEFG-456789012345}
		{8I5G7H0J-1K9L-0G4H-FI3J-7K8L9G0H1I2J} = {D4E5F6G7-H8I9-0123-DEFG-456789012345}
		
		# Tools 文件夹
		{9J6H8I1K-2L0M-1H5I-GJ4K-8L9M0H1I2J3K} = {E5F6G7H8-I9J0-1234-EFGH-567890123456}
		{0K7I9J2L-3M1N-2I6J-HK5L-9M0N1I2J3K4L} = {E5F6G7H8-I9J0-1234-EFGH-567890123456}
	EndGlobalSection
	
	# ==============================================================================
	# 扩展配置
	# ==============================================================================
	
	GlobalSection(ExtensibilityGlobals) = postSolution
		SolutionGuid = {1A2B3C4D-5E6F-7890-ABCD-EF1234567890}
	EndGlobalSection
	
	# ==============================================================================
	# 共享项目设置
	# ==============================================================================
	
	GlobalSection(SharedMSBuildProjectFiles) = preSolution
		Common\OceanSim.Shared.projitems*{2C9A1B4D-5E3F-4A8B-9C7D-1E2F3A4B5C6D}*SharedItemsImports = 5
		Common\OceanSim.Shared.projitems*{3D0B2C5E-6F4G-5B9C-AD8E-2F3G4B5C6D7E}*SharedItemsImports = 5
		Common\OceanSim.Shared.projitems*{4E1C3D6F-7G5H-6C0D-BE9F-3G4H5C6D7E8F}*SharedItemsImports = 5
	EndGlobalSection

EndGlobal